// !$*UTF8*$!
{
	archiveVersion = 1;
	classes = {
	};
	objectVersion = 56;
	objects = {

/* Begin PBXBuildFile section */
		E24B74F62F253DD300E5191B /* AppDelegate.swift in Sources */ = {isa = PBXBuildFile; fileRef = E24B74F52F253DD300E5191B /* AppDelegate.swift */; };
		E24B74F82F253DD300E5191B /* SceneDelegate.swift in Sources */ = {isa = PBXBuildFile; fileRef = E24B74F72F253DD300E5191B /* SceneDelegate.swift */; };
		E24B74FF2F253DD500E5191B /* Assets.xcassets in Resources */ = {isa = PBXBuildFile; fileRef = E24B74FE2F253DD500E5191B /* Assets.xcassets */; };
		E27718452F2937BA000C4E15 /* UIView+Ext.swift in Sources */ = {isa = PBXBuildFile; fileRef = E27718442F2937BA000C4E15 /* UIView+Ext.swift */; };
		E27718502F2937D0000C4E15 /* ProductDetailsViewModel.swift in Sources */ = {isa = PBXBuildFile; fileRef = E27718482F2937D0000C4E15 /* ProductDetailsViewModel.swift */; };
		E27718522F2937D0000C4E15 /* ProductDetailsViewController.swift in Sources */ = {isa = PBXBuildFile; fileRef = E277184A2F2937D0000C4E15 /* ProductDetailsViewController.swift */; };
		E277187D2F29874A000C4E15 /* RequestBase.swift in Sources */ = {isa = PBXBuildFile; fileRef = E27718772F29874A000C4E15 /* RequestBase.swift */; };
		E277187E2F29874A000C4E15 /* Endpoints.swift in Sources */ = {isa = PBXBuildFile; fileRef = E27718782F29874A000C4E15 /* Endpoints.swift */; };
		E277187F2F29874A000C4E15 /* NetworkManager.swift in Sources */ = {isa = PBXBuildFile; fileRef = E277187A2F29874A000C4E15 /* NetworkManager.swift */; };
		E27718802F29874A000C4E15 /* Network.swift in Sources */ = {isa = PBXBuildFile; fileRef = E277187B2F29874A000C4E15 /* Network.swift */; };
		E27718812F29874A000C4E15 /* NetworkError.swift in Sources */ = {isa = PBXBuildFile; fileRef = E277187C2F29874A000C4E15 /* NetworkError.swift */; };
		E277188A2F2987B7000C4E15 /* ProductDTO.swift in Sources */ = {isa = PBXBuildFile; fileRef = E27718842F2987B7000C4E15 /* ProductDTO.swift */; };
		E277188B2F2987B7000C4E15 /* ProductMapper.swift in Sources */ = {isa = PBXBuildFile; fileRef = E27718862F2987B7000C4E15 /* ProductMapper.swift */; };
		E277188C2F2987B7000C4E15 /* RatingMapper.swift in Sources */ = {isa = PBXBuildFile; fileRef = E27718872F2987B7000C4E15 /* RatingMapper.swift */; };
		E277188D2F2987B7000C4E15 /* ProductListRepo.swift in Sources */ = {isa = PBXBuildFile; fileRef = E27718892F2987B7000C4E15 /* ProductListRepo.swift */; };
		E27718922F2987E0000C4E15 /* ProductListRepoInterface.swift in Sources */ = {isa = PBXBuildFile; fileRef = E277188F2F2987E0000C4E15 /* ProductListRepoInterface.swift */; };
		E27718932F2987E0000C4E15 /* ProductListUseCase.swift in Sources */ = {isa = PBXBuildFile; fileRef = E27718912F2987E0000C4E15 /* ProductListUseCase.swift */; };
		E28DBF522F28192300CCFB10 /* Kingfisher in Frameworks */ = {isa = PBXBuildFile; productRef = E28DBF512F28192300CCFB10 /* Kingfisher */; };
		E28DBF552F281AF500CCFB10 /* UIColor+Ext.swift in Sources */ = {isa = PBXBuildFile; fileRef = E28DBF542F281AF400CCFB10 /* UIColor+Ext.swift */; };
		E28DBF672F281B1500CCFB10 /* ProductsViewModel.swift in Sources */ = {isa = PBXBuildFile; fileRef = E28DBF592F281B1500CCFB10 /* ProductsViewModel.swift */; };
		E28DBF682F281B1500CCFB10 /* ProductsViewController.swift in Sources */ = {isa = PBXBuildFile; fileRef = E28DBF5A2F281B1500CCFB10 /* ProductsViewController.swift */; };
		E28DBF692F281B1500CCFB10 /* LayoutType.swift in Sources */ = {isa = PBXBuildFile; fileRef = E28DBF5C2F281B1500CCFB10 /* LayoutType.swift */; };
		E28DBF6A2F281B1500CCFB10 /* ProductsViewController.xib in Resources */ = {isa = PBXBuildFile; fileRef = E28DBF5D2F281B1500CCFB10 /* ProductsViewController.xib */; };
		E28DBF6B2F281B1500CCFB10 /* ProductConfigurable.swift in Sources */ = {isa = PBXBuildFile; fileRef = E28DBF602F281B1500CCFB10 /* ProductConfigurable.swift */; };
		E28DBF6C2F281B1500CCFB10 /* ProductListCell.xib in Resources */ = {isa = PBXBuildFile; fileRef = E28DBF622F281B1500CCFB10 /* ProductListCell.xib */; };
		E28DBF6D2F281B1500CCFB10 /* ProductListCell.swift in Sources */ = {isa = PBXBuildFile; fileRef = E28DBF632F281B1500CCFB10 /* ProductListCell.swift */; };
		E28DBF6E2F281B1500CCFB10 /* ProductGridCell.xib in Resources */ = {isa = PBXBuildFile; fileRef = E28DBF652F281B1500CCFB10 /* ProductGridCell.xib */; };
		E28DBF6F2F281B1500CCFB10 /* ProductGridCell.swift in Sources */ = {isa = PBXBuildFile; fileRef = E28DBF662F281B1500CCFB10 /* ProductGridCell.swift */; };
		E28DBF732F2823A400CCFB10 /* Product.swift in Sources */ = {isa = PBXBuildFile; fileRef = E28DBF722F2823A400CCFB10 /* Product.swift */; };
		E2A409ED2F2B740E0001D238 /* SkeletonView in Frameworks */ = {isa = PBXBuildFile; productRef = E2A409EC2F2B740E0001D238 /* SkeletonView */; };
		E2A409F02F2B78420001D238 /* ViewState.swift in Sources */ = {isa = PBXBuildFile; fileRef = E2A409EF2F2B78420001D238 /* ViewState.swift */; };
		E2A409F22F2BB07D0001D238 /* ProductDetailsViewController.xib in Resources */ = {isa = PBXBuildFile; fileRef = E2A409F12F2BB07D0001D238 /* ProductDetailsViewController.xib */; };
		E2A409F82F2BBBC70001D238 /* Connectivity.swift in Sources */ = {isa = PBXBuildFile; fileRef = E2A409F72F2BBBC70001D238 /* Connectivity.swift */; };
		E2A40A012F2BDCDD0001D238 /* ProductInfoView.xib in Resources */ = {isa = PBXBuildFile; fileRef = E2A409FE2F2BDCDD0001D238 /* ProductInfoView.xib */; };
		E2A40A022F2BDCDD0001D238 /* ProductInfoView.swift in Sources */ = {isa = PBXBuildFile; fileRef = E2A409FF2F2BDCDD0001D238 /* ProductInfoView.swift */; };
		E2A40A0B2F2BECDE0001D238 /* ProductListUseCaseTests.swift in Sources */ = {isa = PBXBuildFile; fileRef = E2A40A0A2F2BECDE0001D238 /* ProductListUseCaseTests.swift */; };
/* End PBXBuildFile section */

/* Begin PBXContainerItemProxy section */
		E2A40A0C2F2BECDF0001D238 /* PBXContainerItemProxy */ = {
			isa = PBXContainerItemProxy;
			containerPortal = E24B74EA2F253DD300E5191B /* Project object */;
			proxyType = 1;
			remoteGlobalIDString = E24B74F12F253DD300E5191B;
			remoteInfo = ProductCatalog;
		};
/* End PBXContainerItemProxy section */

/* Begin PBXFileReference section */
		E24B74F22F253DD300E5191B /* ProductCatalog.app */ = {isa = PBXFileReference; explicitFileType = wrapper.application; includeInIndex = 0; path = ProductCatalog.app; sourceTree = BUILT_PRODUCTS_DIR; };
		E24B74F52F253DD300E5191B /* AppDelegate.swift */ = {isa = PBXFileReference; lastKnownFileType = sourcecode.swift; path = AppDelegate.swift; sourceTree = "<group>"; };
		E24B74F72F253DD300E5191B /* SceneDelegate.swift */ = {isa = PBXFileReference; lastKnownFileType = sourcecode.swift; path = SceneDelegate.swift; sourceTree = "<group>"; };
		E24B74FE2F253DD500E5191B /* Assets.xcassets */ = {isa = PBXFileReference; lastKnownFileType = folder.assetcatalog; path = Assets.xcassets; sourceTree = "<group>"; };
		E24B75032F253DD500E5191B /* Info.plist */ = {isa = PBXFileReference; lastKnownFileType = text.plist.xml; path = Info.plist; sourceTree = "<group>"; };
		E27718442F2937BA000C4E15 /* UIView+Ext.swift */ = {isa = PBXFileReference; fileEncoding = 4; lastKnownFileType = sourcecode.swift; path = "UIView+Ext.swift"; sourceTree = "<group>"; };
		E27718482F2937D0000C4E15 /* ProductDetailsViewModel.swift */ = {isa = PBXFileReference; fileEncoding = 4; lastKnownFileType = sourcecode.swift; path = ProductDetailsViewModel.swift; sourceTree = "<group>"; };
		E277184A2F2937D0000C4E15 /* ProductDetailsViewController.swift */ = {isa = PBXFileReference; fileEncoding = 4; lastKnownFileType = sourcecode.swift; path = ProductDetailsViewController.swift; sourceTree = "<group>"; };
		E27718772F29874A000C4E15 /* RequestBase.swift */ = {isa = PBXFileReference; fileEncoding = 4; lastKnownFileType = sourcecode.swift; path = RequestBase.swift; sourceTree = "<group>"; };
		E27718782F29874A000C4E15 /* Endpoints.swift */ = {isa = PBXFileReference; fileEncoding = 4; lastKnownFileType = sourcecode.swift; path = Endpoints.swift; sourceTree = "<group>"; };
		E277187A2F29874A000C4E15 /* NetworkManager.swift */ = {isa = PBXFileReference; fileEncoding = 4; lastKnownFileType = sourcecode.swift; path = NetworkManager.swift; sourceTree = "<group>"; };
		E277187B2F29874A000C4E15 /* Network.swift */ = {isa = PBXFileReference; fileEncoding = 4; lastKnownFileType = sourcecode.swift; path = Network.swift; sourceTree = "<group>"; };
		E277187C2F29874A000C4E15 /* NetworkError.swift */ = {isa = PBXFileReference; fileEncoding = 4; lastKnownFileType = sourcecode.swift; path = NetworkError.swift; sourceTree = "<group>"; };
		E27718842F2987B7000C4E15 /* ProductDTO.swift */ = {isa = PBXFileReference; fileEncoding = 4; lastKnownFileType = sourcecode.swift; path = ProductDTO.swift; sourceTree = "<group>"; };
		E27718862F2987B7000C4E15 /* ProductMapper.swift */ = {isa = PBXFileReference; fileEncoding = 4; lastKnownFileType = sourcecode.swift; path = ProductMapper.swift; sourceTree = "<group>"; };
		E27718872F2987B7000C4E15 /* RatingMapper.swift */ = {isa = PBXFileReference; fileEncoding = 4; lastKnownFileType = sourcecode.swift; path = RatingMapper.swift; sourceTree = "<group>"; };
		E27718892F2987B7000C4E15 /* ProductListRepo.swift */ = {isa = PBXFileReference; fileEncoding = 4; lastKnownFileType = sourcecode.swift; path = ProductListRepo.swift; sourceTree = "<group>"; };
		E277188F2F2987E0000C4E15 /* ProductListRepoInterface.swift */ = {isa = PBXFileReference; fileEncoding = 4; lastKnownFileType = sourcecode.swift; path = ProductListRepoInterface.swift; sourceTree = "<group>"; };
		E27718912F2987E0000C4E15 /* ProductListUseCase.swift */ = {isa = PBXFileReference; fileEncoding = 4; lastKnownFileType = sourcecode.swift; path = ProductListUseCase.swift; sourceTree = "<group>"; };
		E28DBF542F281AF400CCFB10 /* UIColor+Ext.swift */ = {isa = PBXFileReference; fileEncoding = 4; lastKnownFileType = sourcecode.swift; path = "UIColor+Ext.swift"; sourceTree = "<group>"; };
		E28DBF592F281B1500CCFB10 /* ProductsViewModel.swift */ = {isa = PBXFileReference; fileEncoding = 4; lastKnownFileType = sourcecode.swift; path = ProductsViewModel.swift; sourceTree = "<group>"; };
		E28DBF5A2F281B1500CCFB10 /* ProductsViewController.swift */ = {isa = PBXFileReference; fileEncoding = 4; lastKnownFileType = sourcecode.swift; path = ProductsViewController.swift; sourceTree = "<group>"; };
		E28DBF5C2F281B1500CCFB10 /* LayoutType.swift */ = {isa = PBXFileReference; fileEncoding = 4; lastKnownFileType = sourcecode.swift; path = LayoutType.swift; sourceTree = "<group>"; };
		E28DBF5D2F281B1500CCFB10 /* ProductsViewController.xib */ = {isa = PBXFileReference; fileEncoding = 4; lastKnownFileType = file.xib; path = ProductsViewController.xib; sourceTree = "<group>"; };
		E28DBF602F281B1500CCFB10 /* ProductConfigurable.swift */ = {isa = PBXFileReference; fileEncoding = 4; lastKnownFileType = sourcecode.swift; path = ProductConfigurable.swift; sourceTree = "<group>"; };
		E28DBF622F281B1500CCFB10 /* ProductListCell.xib */ = {isa = PBXFileReference; fileEncoding = 4; lastKnownFileType = file.xib; path = ProductListCell.xib; sourceTree = "<group>"; };
		E28DBF632F281B1500CCFB10 /* ProductListCell.swift */ = {isa = PBXFileReference; fileEncoding = 4; lastKnownFileType = sourcecode.swift; path = ProductListCell.swift; sourceTree = "<group>"; };
		E28DBF652F281B1500CCFB10 /* ProductGridCell.xib */ = {isa = PBXFileReference; fileEncoding = 4; lastKnownFileType = file.xib; path = ProductGridCell.xib; sourceTree = "<group>"; };
		E28DBF662F281B1500CCFB10 /* ProductGridCell.swift */ = {isa = PBXFileReference; fileEncoding = 4; lastKnownFileType = sourcecode.swift; path = ProductGridCell.swift; sourceTree = "<group>"; };
		E28DBF722F2823A400CCFB10 /* Product.swift */ = {isa = PBXFileReference; fileEncoding = 4; lastKnownFileType = sourcecode.swift; path = Product.swift; sourceTree = "<group>"; };
		E2A409EF2F2B78420001D238 /* ViewState.swift */ = {isa = PBXFileReference; lastKnownFileType = sourcecode.swift; path = ViewState.swift; sourceTree = "<group>"; };
		E2A409F12F2BB07D0001D238 /* ProductDetailsViewController.xib */ = {isa = PBXFileReference; fileEncoding = 4; lastKnownFileType = file.xib; path = ProductDetailsViewController.xib; sourceTree = "<group>"; };
		E2A409F72F2BBBC70001D238 /* Connectivity.swift */ = {isa = PBXFileReference; lastKnownFileType = sourcecode.swift; path = Connectivity.swift; sourceTree = "<group>"; };
		E2A409FE2F2BDCDD0001D238 /* ProductInfoView.xib */ = {isa = PBXFileReference; fileEncoding = 4; lastKnownFileType = file.xib; path = ProductInfoView.xib; sourceTree = "<group>"; };
		E2A409FF2F2BDCDD0001D238 /* ProductInfoView.swift */ = {isa = PBXFileReference; fileEncoding = 4; lastKnownFileType = sourcecode.swift; path = ProductInfoView.swift; sourceTree = "<group>"; };
		E2A40A082F2BECDE0001D238 /* ProductCatalogTests.xctest */ = {isa = PBXFileReference; explicitFileType = wrapper.cfbundle; includeInIndex = 0; path = ProductCatalogTests.xctest; sourceTree = BUILT_PRODUCTS_DIR; };
		E2A40A0A2F2BECDE0001D238 /* ProductListUseCaseTests.swift */ = {isa = PBXFileReference; lastKnownFileType = sourcecode.swift; path = ProductListUseCaseTests.swift; sourceTree = "<group>"; };
/* End PBXFileReference section */

/* Begin PBXFrameworksBuildPhase section */
		E24B74EF2F253DD300E5191B /* Frameworks */ = {
			isa = PBXFrameworksBuildPhase;
			buildActionMask = 2147483647;
			files = (
				E2A409ED2F2B740E0001D238 /* SkeletonView in Frameworks */,
				E28DBF522F28192300CCFB10 /* Kingfisher in Frameworks */,
			);
			runOnlyForDeploymentPostprocessing = 0;
		};
		E2A40A052F2BECDE0001D238 /* Frameworks */ = {
			isa = PBXFrameworksBuildPhase;
			buildActionMask = 2147483647;
			files = (
			);
			runOnlyForDeploymentPostprocessing = 0;
		};
/* End PBXFrameworksBuildPhase section */

/* Begin PBXGroup section */
		E24B74E92F253DD300E5191B = {
			isa = PBXGroup;
			children = (
				E24B74F42F253DD300E5191B /* ProductCatalog */,
				E2A40A092F2BECDE0001D238 /* ProductCatalogTests */,
				E24B74F32F253DD300E5191B /* Products */,
			);
			sourceTree = "<group>";
		};
		E24B74F32F253DD300E5191B /* Products */ = {
			isa = PBXGroup;
			children = (
				E24B74F22F253DD300E5191B /* ProductCatalog.app */,
				E2A40A082F2BECDE0001D238 /* ProductCatalogTests.xctest */,
			);
			name = Products;
			sourceTree = "<group>";
		};
		E24B74F42F253DD300E5191B /* ProductCatalog */ = {
			isa = PBXGroup;
			children = (
				E28DBF4F2F28189F00CCFB10 /* Core */,
				E28DBF532F281AF400CCFB10 /* Helpers */,
				E27718762F29874A000C4E15 /* NetworkingLayer */,
				E27718822F2987B7000C4E15 /* Data */,
				E28DBF702F2823A400CCFB10 /* Domain */,
				E28DBF562F281B0100CCFB10 /* Presentation */,
				E24B74FE2F253DD500E5191B /* Assets.xcassets */,
				E24B75032F253DD500E5191B /* Info.plist */,
			);
			path = ProductCatalog;
			sourceTree = "<group>";
		};
		E27718462F2937D0000C4E15 /* ProductDetails */ = {
			isa = PBXGroup;
			children = (
				E2A409FC2F2BDCDD0001D238 /* Views */,
				E27718472F2937D0000C4E15 /* ViewModel */,
				E2A409F12F2BB07D0001D238 /* ProductDetailsViewController.xib */,
				E277184A2F2937D0000C4E15 /* ProductDetailsViewController.swift */,
			);
			path = ProductDetails;
			sourceTree = "<group>";
		};
		E27718472F2937D0000C4E15 /* ViewModel */ = {
			isa = PBXGroup;
			children = (
				E27718482F2937D0000C4E15 /* ProductDetailsViewModel.swift */,
			);
			path = ViewModel;
			sourceTree = "<group>";
		};
		E27718762F29874A000C4E15 /* NetworkingLayer */ = {
			isa = PBXGroup;
			children = (
				E27718792F29874A000C4E15 /* Manager */,
				E27718772F29874A000C4E15 /* RequestBase.swift */,
				E27718782F29874A000C4E15 /* Endpoints.swift */,
				E277187C2F29874A000C4E15 /* NetworkError.swift */,
			);
			path = NetworkingLayer;
			sourceTree = "<group>";
		};
		E27718792F29874A000C4E15 /* Manager */ = {
			isa = PBXGroup;
			children = (
				E277187A2F29874A000C4E15 /* NetworkManager.swift */,
				E277187B2F29874A000C4E15 /* Network.swift */,
			);
			path = Manager;
			sourceTree = "<group>";
		};
		E27718822F2987B7000C4E15 /* Data */ = {
			isa = PBXGroup;
			children = (
				E2A409F62F2BBBB70001D238 /* Connectivity */,
				E27718832F2987B7000C4E15 /* DTOs */,
				E27718852F2987B7000C4E15 /* Mappers */,
				E27718882F2987B7000C4E15 /* Repo */,
			);
			path = Data;
			sourceTree = "<group>";
		};
		E27718832F2987B7000C4E15 /* DTOs */ = {
			isa = PBXGroup;
			children = (
				E27718842F2987B7000C4E15 /* ProductDTO.swift */,
			);
			path = DTOs;
			sourceTree = "<group>";
		};
		E27718852F2987B7000C4E15 /* Mappers */ = {
			isa = PBXGroup;
			children = (
				E27718862F2987B7000C4E15 /* ProductMapper.swift */,
				E27718872F2987B7000C4E15 /* RatingMapper.swift */,
			);
			path = Mappers;
			sourceTree = "<group>";
		};
		E27718882F2987B7000C4E15 /* Repo */ = {
			isa = PBXGroup;
			children = (
				E27718892F2987B7000C4E15 /* ProductListRepo.swift */,
			);
			path = Repo;
			sourceTree = "<group>";
		};
		E277188E2F2987E0000C4E15 /* RepoInteface */ = {
			isa = PBXGroup;
			children = (
				E277188F2F2987E0000C4E15 /* ProductListRepoInterface.swift */,
			);
			path = RepoInteface;
			sourceTree = "<group>";
		};
		E27718902F2987E0000C4E15 /* UseCases */ = {
			isa = PBXGroup;
			children = (
				E27718912F2987E0000C4E15 /* ProductListUseCase.swift */,
			);
			path = UseCases;
			sourceTree = "<group>";
		};
		E28DBF4F2F28189F00CCFB10 /* Core */ = {
			isa = PBXGroup;
			children = (
				E24B74F52F253DD300E5191B /* AppDelegate.swift */,
				E24B74F72F253DD300E5191B /* SceneDelegate.swift */,
			);
			path = Core;
			sourceTree = "<group>";
		};
		E28DBF532F281AF400CCFB10 /* Helpers */ = {
			isa = PBXGroup;
			children = (
				E28DBF542F281AF400CCFB10 /* UIColor+Ext.swift */,
				E27718442F2937BA000C4E15 /* UIView+Ext.swift */,
			);
			path = Helpers;
			sourceTree = "<group>";
		};
		E28DBF562F281B0100CCFB10 /* Presentation */ = {
			isa = PBXGroup;
			children = (
				E27718462F2937D0000C4E15 /* ProductDetails */,
				E28DBF572F281B1500CCFB10 /* ProductsList */,
			);
			path = Presentation;
			sourceTree = "<group>";
		};
		E28DBF572F281B1500CCFB10 /* ProductsList */ = {
			isa = PBXGroup;
			children = (
				E28DBF5B2F281B1500CCFB10 /* Enums */,
				E28DBF5E2F281B1500CCFB10 /* Views */,
				E28DBF582F281B1500CCFB10 /* ViewModel */,
				E28DBF5A2F281B1500CCFB10 /* ProductsViewController.swift */,
				E28DBF5D2F281B1500CCFB10 /* ProductsViewController.xib */,
			);
			path = ProductsList;
			sourceTree = "<group>";
		};
		E28DBF582F281B1500CCFB10 /* ViewModel */ = {
			isa = PBXGroup;
			children = (
				E28DBF592F281B1500CCFB10 /* ProductsViewModel.swift */,
			);
			path = ViewModel;
			sourceTree = "<group>";
		};
		E28DBF5B2F281B1500CCFB10 /* Enums */ = {
			isa = PBXGroup;
			children = (
				E28DBF5C2F281B1500CCFB10 /* LayoutType.swift */,
			);
			path = Enums;
			sourceTree = "<group>";
		};
		E28DBF5E2F281B1500CCFB10 /* Views */ = {
			isa = PBXGroup;
			children = (
				E2A409EE2F2B78380001D238 /* Enums */,
				E28DBF5F2F281B1500CCFB10 /* Protocols */,
				E28DBF612F281B1500CCFB10 /* ProductListCell */,
				E28DBF642F281B1500CCFB10 /* ProductGridCell */,
			);
			path = Views;
			sourceTree = "<group>";
		};
		E28DBF5F2F281B1500CCFB10 /* Protocols */ = {
			isa = PBXGroup;
			children = (
				E28DBF602F281B1500CCFB10 /* ProductConfigurable.swift */,
			);
			path = Protocols;
			sourceTree = "<group>";
		};
		E28DBF612F281B1500CCFB10 /* ProductListCell */ = {
			isa = PBXGroup;
			children = (
				E28DBF622F281B1500CCFB10 /* ProductListCell.xib */,
				E28DBF632F281B1500CCFB10 /* ProductListCell.swift */,
			);
			path = ProductListCell;
			sourceTree = "<group>";
		};
		E28DBF642F281B1500CCFB10 /* ProductGridCell */ = {
			isa = PBXGroup;
			children = (
				E28DBF652F281B1500CCFB10 /* ProductGridCell.xib */,
				E28DBF662F281B1500CCFB10 /* ProductGridCell.swift */,
			);
			path = ProductGridCell;
			sourceTree = "<group>";
		};
		E28DBF702F2823A400CCFB10 /* Domain */ = {
			isa = PBXGroup;
			children = (
				E277188E2F2987E0000C4E15 /* RepoInteface */,
				E27718902F2987E0000C4E15 /* UseCases */,
				E28DBF712F2823A400CCFB10 /* Entities */,
			);
			path = Domain;
			sourceTree = "<group>";
		};
		E28DBF712F2823A400CCFB10 /* Entities */ = {
			isa = PBXGroup;
			children = (
				E28DBF722F2823A400CCFB10 /* Product.swift */,
			);
			path = Entities;
			sourceTree = "<group>";
		};
		E2A409EE2F2B78380001D238 /* Enums */ = {
			isa = PBXGroup;
			children = (
				E2A409EF2F2B78420001D238 /* ViewState.swift */,
			);
			path = Enums;
			sourceTree = "<group>";
		};
		E2A409F62F2BBBB70001D238 /* Connectivity */ = {
			isa = PBXGroup;
			children = (
				E2A409F72F2BBBC70001D238 /* Connectivity.swift */,
			);
			path = Connectivity;
			sourceTree = "<group>";
		};
		E2A409FC2F2BDCDD0001D238 /* Views */ = {
			isa = PBXGroup;
			children = (
				E2A409FD2F2BDCDD0001D238 /* ProductInfo */,
			);
			path = Views;
			sourceTree = "<group>";
		};
		E2A409FD2F2BDCDD0001D238 /* ProductInfo */ = {
			isa = PBXGroup;
			children = (
				E2A409FE2F2BDCDD0001D238 /* ProductInfoView.xib */,
				E2A409FF2F2BDCDD0001D238 /* ProductInfoView.swift */,
			);
			path = ProductInfo;
			sourceTree = "<group>";
		};
		E2A40A092F2BECDE0001D238 /* ProductCatalogTests */ = {
			isa = PBXGroup;
			children = (
				E2A40A0A2F2BECDE0001D238 /* ProductListUseCaseTests.swift */,
			);
			path = ProductCatalogTests;
			sourceTree = "<group>";
		};
/* End PBXGroup section */

/* Begin PBXNativeTarget section */
		E24B74F12F253DD300E5191B /* ProductCatalog */ = {
			isa = PBXNativeTarget;
			buildConfigurationList = E24B75062F253DD500E5191B /* Build configuration list for PBXNativeTarget "ProductCatalog" */;
			buildPhases = (
				E24B74EE2F253DD300E5191B /* Sources */,
				E24B74EF2F253DD300E5191B /* Frameworks */,
				E24B74F02F253DD300E5191B /* Resources */,
			);
			buildRules = (
			);
			dependencies = (
			);
			name = ProductCatalog;
			packageProductDependencies = (
				E28DBF512F28192300CCFB10 /* Kingfisher */,
				E2A409EC2F2B740E0001D238 /* SkeletonView */,
			);
			productName = ProductCatalog;
			productReference = E24B74F22F253DD300E5191B /* ProductCatalog.app */;
			productType = "com.apple.product-type.application";
		};
		E2A40A072F2BECDE0001D238 /* ProductCatalogTests */ = {
			isa = PBXNativeTarget;
			buildConfigurationList = E2A40A0E2F2BECDF0001D238 /* Build configuration list for PBXNativeTarget "ProductCatalogTests" */;
			buildPhases = (
				E2A40A042F2BECDE0001D238 /* Sources */,
				E2A40A052F2BECDE0001D238 /* Frameworks */,
				E2A40A062F2BECDE0001D238 /* Resources */,
			);
			buildRules = (
			);
			dependencies = (
				E2A40A0D2F2BECDF0001D238 /* PBXTargetDependency */,
			);
			name = ProductCatalogTests;
			productName = ProductCatalogTests;
			productReference = E2A40A082F2BECDE0001D238 /* ProductCatalogTests.xctest */;
			productType = "com.apple.product-type.bundle.unit-test";
		};
/* End PBXNativeTarget section */

/* Begin PBXProject section */
		E24B74EA2F253DD300E5191B /* Project object */ = {
			isa = PBXProject;
			attributes = {
				BuildIndependentTargetsInParallel = 1;
				LastSwiftUpdateCheck = 1520;
				LastUpgradeCheck = 1520;
				TargetAttributes = {
					E24B74F12F253DD300E5191B = {
						CreatedOnToolsVersion = 15.2;
					};
					E2A40A072F2BECDE0001D238 = {
						CreatedOnToolsVersion = 15.2;
						TestTargetID = E24B74F12F253DD300E5191B;
					};
				};
			};
			buildConfigurationList = E24B74ED2F253DD300E5191B /* Build configuration list for PBXProject "ProductCatalog" */;
			compatibilityVersion = "Xcode 14.0";
			developmentRegion = en;
			hasScannedForEncodings = 0;
			knownRegions = (
				en,
				Base,
			);
			mainGroup = E24B74E92F253DD300E5191B;
			packageReferences = (
				E28DBF502F28192300CCFB10 /* XCRemoteSwiftPackageReference "Kingfisher" */,
				E2A409EB2F2B740E0001D238 /* XCRemoteSwiftPackageReference "SkeletonView" */,
			);
			productRefGroup = E24B74F32F253DD300E5191B /* Products */;
			projectDirPath = "";
			projectRoot = "";
			targets = (
				E24B74F12F253DD300E5191B /* ProductCatalog */,
				E2A40A072F2BECDE0001D238 /* ProductCatalogTests */,
			);
		};
/* End PBXProject section */

/* Begin PBXResourcesBuildPhase section */
		E24B74F02F253DD300E5191B /* Resources */ = {
			isa = PBXResourcesBuildPhase;
			buildActionMask = 2147483647;
			files = (
				E28DBF6A2F281B1500CCFB10 /* ProductsViewController.xib in Resources */,
				E28DBF6C2F281B1500CCFB10 /* ProductListCell.xib in Resources */,
				E24B74FF2F253DD500E5191B /* Assets.xcassets in Resources */,
				E2A409F22F2BB07D0001D238 /* ProductDetailsViewController.xib in Resources */,
				E2A40A012F2BDCDD0001D238 /* ProductInfoView.xib in Resources */,
				E28DBF6E2F281B1500CCFB10 /* ProductGridCell.xib in Resources */,
			);
			runOnlyForDeploymentPostprocessing = 0;
		};
		E2A40A062F2BECDE0001D238 /* Resources */ = {
			isa = PBXResourcesBuildPhase;
			buildActionMask = 2147483647;
			files = (
			);
			runOnlyForDeploymentPostprocessing = 0;
		};
/* End PBXResourcesBuildPhase section */

/* Begin PBXSourcesBuildPhase section */
		E24B74EE2F253DD300E5191B /* Sources */ = {
			isa = PBXSourcesBuildPhase;
			buildActionMask = 2147483647;
			files = (
				E277188B2F2987B7000C4E15 /* ProductMapper.swift in Sources */,
				E27718922F2987E0000C4E15 /* ProductListRepoInterface.swift in Sources */,
				E277187F2F29874A000C4E15 /* NetworkManager.swift in Sources */,
				E277187D2F29874A000C4E15 /* RequestBase.swift in Sources */,
				E2A409F02F2B78420001D238 /* ViewState.swift in Sources */,
				E277188C2F2987B7000C4E15 /* RatingMapper.swift in Sources */,
				E277187E2F29874A000C4E15 /* Endpoints.swift in Sources */,
				E28DBF552F281AF500CCFB10 /* UIColor+Ext.swift in Sources */,
				E27718452F2937BA000C4E15 /* UIView+Ext.swift in Sources */,
				E2A409F82F2BBBC70001D238 /* Connectivity.swift in Sources */,
				E277188A2F2987B7000C4E15 /* ProductDTO.swift in Sources */,
				E28DBF692F281B1500CCFB10 /* LayoutType.swift in Sources */,
				E24B74F62F253DD300E5191B /* AppDelegate.swift in Sources */,
				E2A40A022F2BDCDD0001D238 /* ProductInfoView.swift in Sources */,
				E28DBF672F281B1500CCFB10 /* ProductsViewModel.swift in Sources */,
				E27718812F29874A000C4E15 /* NetworkError.swift in Sources */,
				E28DBF6F2F281B1500CCFB10 /* ProductGridCell.swift in Sources */,
				E24B74F82F253DD300E5191B /* SceneDelegate.swift in Sources */,
				E27718802F29874A000C4E15 /* Network.swift in Sources */,
				E28DBF6D2F281B1500CCFB10 /* ProductListCell.swift in Sources */,
				E28DBF732F2823A400CCFB10 /* Product.swift in Sources */,
				E277188D2F2987B7000C4E15 /* ProductListRepo.swift in Sources */,
				E27718932F2987E0000C4E15 /* ProductListUseCase.swift in Sources */,
				E27718522F2937D0000C4E15 /* ProductDetailsViewController.swift in Sources */,
				E28DBF682F281B1500CCFB10 /* ProductsViewController.swift in Sources */,
				E28DBF6B2F281B1500CCFB10 /* ProductConfigurable.swift in Sources */,
				E27718502F2937D0000C4E15 /* ProductDetailsViewModel.swift in Sources */,
			);
			runOnlyForDeploymentPostprocessing = 0;
		};
		E2A40A042F2BECDE0001D238 /* Sources */ = {
			isa = PBXSourcesBuildPhase;
			buildActionMask = 2147483647;
			files = (
				E2A40A0B2F2BECDE0001D238 /* ProductListUseCaseTests.swift in Sources */,
			);
			runOnlyForDeploymentPostprocessing = 0;
		};
/* End PBXSourcesBuildPhase section */

/* Begin PBXTargetDependency section */
		E2A40A0D2F2BECDF0001D238 /* PBXTargetDependency */ = {
			isa = PBXTargetDependency;
			target = E24B74F12F253DD300E5191B /* ProductCatalog */;
			targetProxy = E2A40A0C2F2BECDF0001D238 /* PBXContainerItemProxy */;
		};
/* End PBXTargetDependency section */

/* Begin XCBuildConfiguration section */
		E24B75042F253DD500E5191B /* Debug */ = {
			isa = XCBuildConfiguration;
			buildSettings = {
				ALWAYS_SEARCH_USER_PATHS = NO;
				ASSETCATALOG_COMPILER_GENERATE_SWIFT_ASSET_SYMBOL_EXTENSIONS = YES;
				CLANG_ANALYZER_NONNULL = YES;
				CLANG_ANALYZER_NUMBER_OBJECT_CONVERSION = YES_AGGRESSIVE;
				CLANG_CXX_LANGUAGE_STANDARD = "gnu++20";
				CLANG_ENABLE_MODULES = YES;
				CLANG_ENABLE_OBJC_ARC = YES;
				CLANG_ENABLE_OBJC_WEAK = YES;
				CLANG_WARN_BLOCK_CAPTURE_AUTORELEASING = YES;
				CLANG_WARN_BOOL_CONVERSION = YES;
				CLANG_WARN_COMMA = YES;
				CLANG_WARN_CONSTANT_CONVERSION = YES;
				CLANG_WARN_DEPRECATED_OBJC_IMPLEMENTATIONS = YES;
				CLANG_WARN_DIRECT_OBJC_ISA_USAGE = YES_ERROR;
				CLANG_WARN_DOCUMENTATION_COMMENTS = YES;
				CLANG_WARN_EMPTY_BODY = YES;
				CLANG_WARN_ENUM_CONVERSION = YES;
				CLANG_WARN_INFINITE_RECURSION = YES;
				CLANG_WARN_INT_CONVERSION = YES;
				CLANG_WARN_NON_LITERAL_NULL_CONVERSION = YES;
				CLANG_WARN_OBJC_IMPLICIT_RETAIN_SELF = YES;
				CLANG_WARN_OBJC_LITERAL_CONVERSION = YES;
				CLANG_WARN_OBJC_ROOT_CLASS = YES_ERROR;
				CLANG_WARN_QUOTED_INCLUDE_IN_FRAMEWORK_HEADER = YES;
				CLANG_WARN_RANGE_LOOP_ANALYSIS = YES;
				CLANG_WARN_STRICT_PROTOTYPES = YES;
				CLANG_WARN_SUSPICIOUS_MOVE = YES;
				CLANG_WARN_UNGUARDED_AVAILABILITY = YES_AGGRESSIVE;
				CLANG_WARN_UNREACHABLE_CODE = YES;
				CLANG_WARN__DUPLICATE_METHOD_MATCH = YES;
				COPY_PHASE_STRIP = NO;
				DEBUG_INFORMATION_FORMAT = dwarf;
				ENABLE_STRICT_OBJC_MSGSEND = YES;
				ENABLE_TESTABILITY = YES;
				ENABLE_USER_SCRIPT_SANDBOXING = YES;
				GCC_C_LANGUAGE_STANDARD = gnu17;
				GCC_DYNAMIC_NO_PIC = NO;
				GCC_NO_COMMON_BLOCKS = YES;
				GCC_OPTIMIZATION_LEVEL = 0;
				GCC_PREPROCESSOR_DEFINITIONS = (
					"DEBUG=1",
					"$(inherited)",
				);
				GCC_WARN_64_TO_32_BIT_CONVERSION = YES;
				GCC_WARN_ABOUT_RETURN_TYPE = YES_ERROR;
				GCC_WARN_UNDECLARED_SELECTOR = YES;
				GCC_WARN_UNINITIALIZED_AUTOS = YES_AGGRESSIVE;
				GCC_WARN_UNUSED_FUNCTION = YES;
				GCC_WARN_UNUSED_VARIABLE = YES;
				IPHONEOS_DEPLOYMENT_TARGET = 15.0;
				LOCALIZATION_PREFERS_STRING_CATALOGS = YES;
				MTL_ENABLE_DEBUG_INFO = INCLUDE_SOURCE;
				MTL_FAST_MATH = YES;
				ONLY_ACTIVE_ARCH = YES;
				SDKROOT = iphoneos;
				SWIFT_ACTIVE_COMPILATION_CONDITIONS = "DEBUG $(inherited)";
				SWIFT_OPTIMIZATION_LEVEL = "-Onone";
			};
			name = Debug;
		};
		E24B75052F253DD500E5191B /* Release */ = {
			isa = XCBuildConfiguration;
			buildSettings = {
				ALWAYS_SEARCH_USER_PATHS = NO;
				ASSETCATALOG_COMPILER_GENERATE_SWIFT_ASSET_SYMBOL_EXTENSIONS = YES;
				CLANG_ANALYZER_NONNULL = YES;
				CLANG_ANALYZER_NUMBER_OBJECT_CONVERSION = YES_AGGRESSIVE;
				CLANG_CXX_LANGUAGE_STANDARD = "gnu++20";
				CLANG_ENABLE_MODULES = YES;
				CLANG_ENABLE_OBJC_ARC = YES;
				CLANG_ENABLE_OBJC_WEAK = YES;
				CLANG_WARN_BLOCK_CAPTURE_AUTORELEASING = YES;
				CLANG_WARN_BOOL_CONVERSION = YES;
				CLANG_WARN_COMMA = YES;
				CLANG_WARN_CONSTANT_CONVERSION = YES;
				CLANG_WARN_DEPRECATED_OBJC_IMPLEMENTATIONS = YES;
				CLANG_WARN_DIRECT_OBJC_ISA_USAGE = YES_ERROR;
				CLANG_WARN_DOCUMENTATION_COMMENTS = YES;
				CLANG_WARN_EMPTY_BODY = YES;
				CLANG_WARN_ENUM_CONVERSION = YES;
				CLANG_WARN_INFINITE_RECURSION = YES;
				CLANG_WARN_INT_CONVERSION = YES;
				CLANG_WARN_NON_LITERAL_NULL_CONVERSION = YES;
				CLANG_WARN_OBJC_IMPLICIT_RETAIN_SELF = YES;
				CLANG_WARN_OBJC_LITERAL_CONVERSION = YES;
				CLANG_WARN_OBJC_ROOT_CLASS = YES_ERROR;
				CLANG_WARN_QUOTED_INCLUDE_IN_FRAMEWORK_HEADER = YES;
				CLANG_WARN_RANGE_LOOP_ANALYSIS = YES;
				CLANG_WARN_STRICT_PROTOTYPES = YES;
				CLANG_WARN_SUSPICIOUS_MOVE = YES;
				CLANG_WARN_UNGUARDED_AVAILABILITY = YES_AGGRESSIVE;
				CLANG_WARN_UNREACHABLE_CODE = YES;
				CLANG_WARN__DUPLICATE_METHOD_MATCH = YES;
				COPY_PHASE_STRIP = NO;
				DEBUG_INFORMATION_FORMAT = "dwarf-with-dsym";
				ENABLE_NS_ASSERTIONS = NO;
				ENABLE_STRICT_OBJC_MSGSEND = YES;
				ENABLE_USER_SCRIPT_SANDBOXING = YES;
				GCC_C_LANGUAGE_STANDARD = gnu17;
				GCC_NO_COMMON_BLOCKS = YES;
				GCC_WARN_64_TO_32_BIT_CONVERSION = YES;
				GCC_WARN_ABOUT_RETURN_TYPE = YES_ERROR;
				GCC_WARN_UNDECLARED_SELECTOR = YES;
				GCC_WARN_UNINITIALIZED_AUTOS = YES_AGGRESSIVE;
				GCC_WARN_UNUSED_FUNCTION = YES;
				GCC_WARN_UNUSED_VARIABLE = YES;
				IPHONEOS_DEPLOYMENT_TARGET = 15.0;
				LOCALIZATION_PREFERS_STRING_CATALOGS = YES;
				MTL_ENABLE_DEBUG_INFO = NO;
				MTL_FAST_MATH = YES;
				SDKROOT = iphoneos;
				SWIFT_COMPILATION_MODE = wholemodule;
				VALIDATE_PRODUCT = YES;
			};
			name = Release;
		};
		E24B75072F253DD500E5191B /* Debug */ = {
			isa = XCBuildConfiguration;
			buildSettings = {
				ASSETCATALOG_COMPILER_APPICON_NAME = AppIcon;
				ASSETCATALOG_COMPILER_GLOBAL_ACCENT_COLOR_NAME = AccentColor;
				CODE_SIGN_STYLE = Automatic;
				CURRENT_PROJECT_VERSION = 1;
				DEVELOPMENT_TEAM = GKPLQ37DMR;
				GENERATE_INFOPLIST_FILE = YES;
				INFOPLIST_FILE = ProductCatalog/Info.plist;
				INFOPLIST_KEY_UIApplicationSupportsIndirectInputEvents = YES;
				INFOPLIST_KEY_UILaunchStoryboardName = LaunchScreen;
				INFOPLIST_KEY_UISupportedInterfaceOrientations_iPad = "UIInterfaceOrientationPortrait UIInterfaceOrientationPortraitUpsideDown UIInterfaceOrientationLandscapeLeft UIInterfaceOrientationLandscapeRight";
				INFOPLIST_KEY_UISupportedInterfaceOrientations_iPhone = "UIInterfaceOrientationPortrait UIInterfaceOrientationLandscapeLeft UIInterfaceOrientationLandscapeRight";
				IPHONEOS_DEPLOYMENT_TARGET = 15.0;
				LD_RUNPATH_SEARCH_PATHS = (
					"$(inherited)",
					"@executable_path/Frameworks",
				);
				MARKETING_VERSION = 1.0;
				PRODUCT_BUNDLE_IDENTIFIER = ahmed.ProductCatalog;
				PRODUCT_NAME = "$(TARGET_NAME)";
				SUPPORTED_PLATFORMS = "iphoneos iphonesimulator";
				SUPPORTS_MACCATALYST = NO;
				SUPPORTS_MAC_DESIGNED_FOR_IPHONE_IPAD = NO;
				SUPPORTS_XR_DESIGNED_FOR_IPHONE_IPAD = NO;
				SWIFT_EMIT_LOC_STRINGS = YES;
				SWIFT_VERSION = 5.0;
				TARGETED_DEVICE_FAMILY = 1;
			};
			name = Debug;
		};
		E24B75082F253DD500E5191B /* Release */ = {
			isa = XCBuildConfiguration;
			buildSettings = {
				ASSETCATALOG_COMPILER_APPICON_NAME = AppIcon;
				ASSETCATALOG_COMPILER_GLOBAL_ACCENT_COLOR_NAME = AccentColor;
				CODE_SIGN_STYLE = Automatic;
				CURRENT_PROJECT_VERSION = 1;
				DEVELOPMENT_TEAM = GKPLQ37DMR;
				GENERATE_INFOPLIST_FILE = YES;
				INFOPLIST_FILE = ProductCatalog/Info.plist;
				INFOPLIST_KEY_UIApplicationSupportsIndirectInputEvents = YES;
				INFOPLIST_KEY_UILaunchStoryboardName = LaunchScreen;
				INFOPLIST_KEY_UISupportedInterfaceOrientations_iPad = "UIInterfaceOrientationPortrait UIInterfaceOrientationPortraitUpsideDown UIInterfaceOrientationLandscapeLeft UIInterfaceOrientationLandscapeRight";
				INFOPLIST_KEY_UISupportedInterfaceOrientations_iPhone = "UIInterfaceOrientationPortrait UIInterfaceOrientationLandscapeLeft UIInterfaceOrientationLandscapeRight";
				IPHONEOS_DEPLOYMENT_TARGET = 15.0;
				LD_RUNPATH_SEARCH_PATHS = (
					"$(inherited)",
					"@executable_path/Frameworks",
				);
				MARKETING_VERSION = 1.0;
				PRODUCT_BUNDLE_IDENTIFIER = ahmed.ProductCatalog;
				PRODUCT_NAME = "$(TARGET_NAME)";
				SUPPORTED_PLATFORMS = "iphoneos iphonesimulator";
				SUPPORTS_MACCATALYST = NO;
				SUPPORTS_MAC_DESIGNED_FOR_IPHONE_IPAD = NO;
				SUPPORTS_XR_DESIGNED_FOR_IPHONE_IPAD = NO;
				SWIFT_EMIT_LOC_STRINGS = YES;
				SWIFT_VERSION = 5.0;
				TARGETED_DEVICE_FAMILY = 1;
			};
			name = Release;
		};
		E2A40A0F2F2BECDF0001D238 /* Debug */ = {
			isa = XCBuildConfiguration;
			buildSettings = {
				BUNDLE_LOADER = "$(TEST_HOST)";
				CODE_SIGN_STYLE = Automatic;
				CURRENT_PROJECT_VERSION = 1;
				DEVELOPMENT_TEAM = GKPLQ37DMR;
				GENERATE_INFOPLIST_FILE = YES;
				IPHONEOS_DEPLOYMENT_TARGET = 15.0;
				MARKETING_VERSION = 1.0;
				PRODUCT_BUNDLE_IDENTIFIER = ahmed.ProductCatalogTests;
				PRODUCT_NAME = "$(TARGET_NAME)";
				SUPPORTED_PLATFORMS = "iphoneos iphonesimulator";
				SUPPORTS_MACCATALYST = NO;
				SUPPORTS_MAC_DESIGNED_FOR_IPHONE_IPAD = NO;
				SUPPORTS_XR_DESIGNED_FOR_IPHONE_IPAD = NO;
				SWIFT_EMIT_LOC_STRINGS = NO;
				SWIFT_VERSION = 5.0;
				TARGETED_DEVICE_FAMILY = 1;
				TEST_HOST = "$(BUILT_PRODUCTS_DIR)/ProductCatalog.app/$(BUNDLE_EXECUTABLE_FOLDER_PATH)/ProductCatalog";
			};
			name = Debug;
		};
		E2A40A102F2BECDF0001D238 /* Release */ = {
			isa = XCBuildConfiguration;
			buildSettings = {
				BUNDLE_LOADER = "$(TEST_HOST)";
				CODE_SIGN_STYLE = Automatic;
				CURRENT_PROJECT_VERSION = 1;
				DEVELOPMENT_TEAM = GKPLQ37DMR;
				GENERATE_INFOPLIST_FILE = YES;
				IPHONEOS_DEPLOYMENT_TARGET = 15.0;
				MARKETING_VERSION = 1.0;
				PRODUCT_BUNDLE_IDENTIFIER = ahmed.ProductCatalogTests;
				PRODUCT_NAME = "$(TARGET_NAME)";
				SUPPORTED_PLATFORMS = "iphoneos iphonesimulator";
				SUPPORTS_MACCATALYST = NO;
				SUPPORTS_MAC_DESIGNED_FOR_IPHONE_IPAD = NO;
				SUPPORTS_XR_DESIGNED_FOR_IPHONE_IPAD = NO;
				SWIFT_EMIT_LOC_STRINGS = NO;
				SWIFT_VERSION = 5.0;
				TARGETED_DEVICE_FAMILY = 1;
				TEST_HOST = "$(BUILT_PRODUCTS_DIR)/ProductCatalog.app/$(BUNDLE_EXECUTABLE_FOLDER_PATH)/ProductCatalog";
			};
			name = Release;
		};
/* End XCBuildConfiguration section */

/* Begin XCConfigurationList section */
		E24B74ED2F253DD300E5191B /* Build configuration list for PBXProject "ProductCatalog" */ = {
			isa = XCConfigurationList;
			buildConfigurations = (
				E24B75042F253DD500E5191B /* Debug */,
				E24B75052F253DD500E5191B /* Release */,
			);
			defaultConfigurationIsVisible = 0;
			defaultConfigurationName = Release;
		};
		E24B75062F253DD500E5191B /* Build configuration list for PBXNativeTarget "ProductCatalog" */ = {
			isa = XCConfigurationList;
			buildConfigurations = (
				E24B75072F253DD500E5191B /* Debug */,
				E24B75082F253DD500E5191B /* Release */,
			);
			defaultConfigurationIsVisible = 0;
			defaultConfigurationName = Release;
		};
		E2A40A0E2F2BECDF0001D238 /* Build configuration list for PBXNativeTarget "ProductCatalogTests" */ = {
			isa = XCConfigurationList;
			buildConfigurations = (
				E2A40A0F2F2BECDF0001D238 /* Debug */,
				E2A40A102F2BECDF0001D238 /* Release */,
			);
			defaultConfigurationIsVisible = 0;
			defaultConfigurationName = Release;
		};
/* End XCConfigurationList section */

/* Begin XCRemoteSwiftPackageReference section */
		E28DBF502F28192300CCFB10 /* XCRemoteSwiftPackageReference "Kingfisher" */ = {
			isa = XCRemoteSwiftPackageReference;
			repositoryURL = "https://github.com/onevcat/Kingfisher.git";
			requirement = {
				kind = upToNextMajorVersion;
				minimumVersion = 8.6.2;
			};
		};
		E2A409EB2F2B740E0001D238 /* XCRemoteSwiftPackageReference "SkeletonView" */ = {
			isa = XCRemoteSwiftPackageReference;
			repositoryURL = "https://github.com/Juanpe/SkeletonView.git";
			requirement = {
				kind = upToNextMajorVersion;
				minimumVersion = 1.31.0;
			};
		};
/* End XCRemoteSwiftPackageReference section */

/* Begin XCSwiftPackageProductDependency section */
		E28DBF512F28192300CCFB10 /* Kingfisher */ = {
			isa = XCSwiftPackageProductDependency;
			package = E28DBF502F28192300CCFB10 /* XCRemoteSwiftPackageReference "Kingfisher" */;
			productName = Kingfisher;
		};
		E2A409EC2F2B740E0001D238 /* SkeletonView */ = {
			isa = XCSwiftPackageProductDependency;
			package = E2A409EB2F2B740E0001D238 /* XCRemoteSwiftPackageReference "SkeletonView" */;
			productName = SkeletonView;
		};
/* End XCSwiftPackageProductDependency section */
	};
	rootObject = E24B74EA2F253DD300E5191B /* Project object */;
}
